
Microsoft Visual Studio Solution File, Format Version 12.00
# Visual Studio Version 16
VisualStudioVersion = 16.0.29806.167
MinimumVisualStudioVersion = 10.0.40219.1
Project("{9A19103F-16F7-4668-BE54-9A1E7A4F7556}") = "Core.EventStore", "Core.EventStore\Core.EventStore.csproj", "{E8D3FFFD-7DBA-4855-B884-74EF6A83668F}"
EndProject
Project("{2150E333-8FDC-42A3-9474-1A3956D46DE8}") = "samples", "samples", "{0E0BCA44-E371-4FAE-882A-519BAC7AAB47}"
EndProject
Project("{9A19103F-16F7-4668-BE54-9A1E7A4F7556}") = "CommandService", "samples\CommandService\CommandService.csproj", "{28C16F39-B232-4054-B043-53D215207B2E}"
EndProject
Project("{9A19103F-16F7-4668-BE54-9A1E7A4F7556}") = "QueryService", "samples\QueryService\QueryService.csproj", "{8C5B23BB-C7F4-4C8F-835F-8A237586DF18}"
EndProject
Project("{9A19103F-16F7-4668-BE54-9A1E7A4F7556}") = "IntegrationEvents", "samples\IntegrationEvents\IntegrationEvents.csproj", "{A79A9027-58B5-4D42-9A3A-95FD464F5CEE}"
EndProject
Project("{2150E333-8FDC-42A3-9474-1A3956D46DE8}") = "tests", "tests", "{C10F2E43-3E4B-43B5-B5CF-F7FC61867CA9}"
EndProject
Project("{FAE04EC0-301F-11D3-BF4B-00C04F79EFBC}") = "Core.EventStore.Test", "tests\Core.EventStore.Test\Core.EventStore.Test.csproj", "{33EAC47A-2BBF-4CEC-B0C5-EE060EFE6D6A}"
EndProject
Project("{FAE04EC0-301F-11D3-BF4B-00C04F79EFBC}") = "Core.EventStore.IntegrationTest", "tests\Core.EventStore.IntegrationTest\Core.EventStore.IntegrationTest.csproj", "{36D48125-7DDB-481A-B87F-D7ABD23FA385}"
EndProject
Global
	GlobalSection(SolutionConfigurationPlatforms) = preSolution
		Debug|Any CPU = Debug|Any CPU
		Release|Any CPU = Release|Any CPU
	EndGlobalSection
	GlobalSection(ProjectConfigurationPlatforms) = postSolution
		{E8D3FFFD-7DBA-4855-B884-74EF6A83668F}.Debug|Any CPU.ActiveCfg = Debug|Any CPU
		{E8D3FFFD-7DBA-4855-B884-74EF6A83668F}.Debug|Any CPU.Build.0 = Debug|Any CPU
		{E8D3FFFD-7DBA-4855-B884-74EF6A83668F}.Release|Any CPU.ActiveCfg = Release|Any CPU
		{E8D3FFFD-7DBA-4855-B884-74EF6A83668F}.Release|Any CPU.Build.0 = Release|Any CPU
		{28C16F39-B232-4054-B043-53D215207B2E}.Debug|Any CPU.ActiveCfg = Debug|Any CPU
		{28C16F39-B232-4054-B043-53D215207B2E}.Debug|Any CPU.Build.0 = Debug|Any CPU
		{28C16F39-B232-4054-B043-53D215207B2E}.Release|Any CPU.ActiveCfg = Release|Any CPU
		{28C16F39-B232-4054-B043-53D215207B2E}.Release|Any CPU.Build.0 = Release|Any CPU
		{8C5B23BB-C7F4-4C8F-835F-8A237586DF18}.Debug|Any CPU.ActiveCfg = Debug|Any CPU
		{8C5B23BB-C7F4-4C8F-835F-8A237586DF18}.Debug|Any CPU.Build.0 = Debug|Any CPU
		{8C5B23BB-C7F4-4C8F-835F-8A237586DF18}.Release|Any CPU.ActiveCfg = Release|Any CPU
		{8C5B23BB-C7F4-4C8F-835F-8A237586DF18}.Release|Any CPU.Build.0 = Release|Any CPU
		{A79A9027-58B5-4D42-9A3A-95FD464F5CEE}.Debug|Any CPU.ActiveCfg = Debug|Any CPU
		{A79A9027-58B5-4D42-9A3A-95FD464F5CEE}.Debug|Any CPU.Build.0 = Debug|Any CPU
		{A79A9027-58B5-4D42-9A3A-95FD464F5CEE}.Release|Any CPU.ActiveCfg = Release|Any CPU
		{A79A9027-58B5-4D42-9A3A-95FD464F5CEE}.Release|Any CPU.Build.0 = Release|Any CPU
		{33EAC47A-2BBF-4CEC-B0C5-EE060EFE6D6A}.Debug|Any CPU.ActiveCfg = Debug|Any CPU
		{33EAC47A-2BBF-4CEC-B0C5-EE060EFE6D6A}.Debug|Any CPU.Build.0 = Debug|Any CPU
		{33EAC47A-2BBF-4CEC-B0C5-EE060EFE6D6A}.Release|Any CPU.ActiveCfg = Release|Any CPU
		{33EAC47A-2BBF-4CEC-B0C5-EE060EFE6D6A}.Release|Any CPU.Build.0 = Release|Any CPU
		{36D48125-7DDB-481A-B87F-D7ABD23FA385}.Debug|Any CPU.ActiveCfg = Debug|Any CPU
		{36D48125-7DDB-481A-B87F-D7ABD23FA385}.Debug|Any CPU.Build.0 = Debug|Any CPU
		{36D48125-7DDB-481A-B87F-D7ABD23FA385}.Release|Any CPU.ActiveCfg = Release|Any CPU
		{36D48125-7DDB-481A-B87F-D7ABD23FA385}.Release|Any CPU.Build.0 = Release|Any CPU
	EndGlobalSection
	GlobalSection(SolutionProperties) = preSolution
		HideSolutionNode = FALSE
	EndGlobalSection
	GlobalSection(NestedProjects) = preSolution
		{28C16F39-B232-4054-B043-53D215207B2E} = {0E0BCA44-E371-4FAE-882A-519BAC7AAB47}
		{8C5B23BB-C7F4-4C8F-835F-8A237586DF18} = {0E0BCA44-E371-4FAE-882A-519BAC7AAB47}
		{A79A9027-58B5-4D42-9A3A-95FD464F5CEE} = {0E0BCA44-E371-4FAE-882A-519BAC7AAB47}
		{33EAC47A-2BBF-4CEC-B0C5-EE060EFE6D6A} = {C10F2E43-3E4B-43B5-B5CF-F7FC61867CA9}
		{36D48125-7DDB-481A-B87F-D7ABD23FA385} = {C10F2E43-3E4B-43B5-B5CF-F7FC61867CA9}
	EndGlobalSection
	GlobalSection(ExtensibilityGlobals) = postSolution
		SolutionGuid = {D4111EE0-9B47-40FA-998C-D3A0F0CE07B1}
	EndGlobalSection
EndGlobal
