
Microsoft Visual Studio Solution File, Format Version 12.00
# Visual Studio Version 16
VisualStudioVersion = 16.0.29806.167
MinimumVisualStudioVersion = 10.0.40219.1
Project("{9A19103F-16F7-4668-BE54-9A1E7A4F7556}") = "Core.EventStore", "Core.EventStore\Core.EventStore.csproj", "{E8D3FFFD-7DBA-4855-B884-74EF6A83668F}"
EndProject
Project("{2150E333-8FDC-42A3-9474-1A3956D46DE8}") = "samples", "samples", "{0E0BCA44-E371-4FAE-882A-519BAC7AAB47}"
EndProject
Project("{2150E333-8FDC-42A3-9474-1A3956D46DE8}") = "tests", "tests", "{C10F2E43-3E4B-43B5-B5CF-F7FC61867CA9}"
EndProject
Project("{FAE04EC0-301F-11D3-BF4B-00C04F79EFBC}") = "Core.EventStore.Test", "tests\Core.EventStore.Test\Core.EventStore.Test.csproj", "{33EAC47A-2BBF-4CEC-B0C5-EE060EFE6D6A}"
EndProject
Project("{2150E333-8FDC-42A3-9474-1A3956D46DE8}") = "simple", "simple", "{F450AA6E-AC14-4AC4-A625-BE7B20C82A98}"
EndProject
Project("{FAE04EC0-301F-11D3-BF4B-00C04F79EFBC}") = "CommandService", "samples\simple\CommandService\CommandService.csproj", "{E5091D06-E866-4BE0-8520-3CC8FF858A51}"
EndProject
Project("{FAE04EC0-301F-11D3-BF4B-00C04F79EFBC}") = "QueryService", "samples\simple\QueryService\QueryService.csproj", "{92439822-4976-45C1-8A30-545B2D253CD7}"
EndProject
Project("{FAE04EC0-301F-11D3-BF4B-00C04F79EFBC}") = "IntegrationEvents", "samples\IntegrationEvents\IntegrationEvents.csproj", "{9D6C72DE-7DC1-4102-A348-A04C560A4B6E}"
EndProject
Project("{2150E333-8FDC-42A3-9474-1A3956D46DE8}") = "integrated_mongo", "integrated_mongo", "{936B86FC-6869-445C-95A0-16AD0BB4BF35}"
EndProject
Project("{FAE04EC0-301F-11D3-BF4B-00C04F79EFBC}") = "CommandService", "samples\integrated_mongo\CommandService\CommandService.csproj", "{216525D4-00CE-4065-8A90-46A8828CBF3F}"
EndProject
Project("{FAE04EC0-301F-11D3-BF4B-00C04F79EFBC}") = "QueryService", "samples\integrated_mongo\QueryService\QueryService.csproj", "{CC07887E-86A7-46C8-BE33-ACA42756AD6D}"
EndProject
Project("{FAE04EC0-301F-11D3-BF4B-00C04F79EFBC}") = "Core.EventStore.Mongo", "Core.EventStore.Mongo\Core.EventStore.Mongo.csproj", "{AC6832B2-C51F-4685-85CF-60AEA1EEA9E0}"
EndProject
Project("{FAE04EC0-301F-11D3-BF4B-00C04F79EFBC}") = "Core.EventStore.EFCore.SqlServer", "Core.EventStore.EFCore.SqlServer\Core.EventStore.EFCore.SqlServer.csproj", "{E1F75120-4C84-4772-B107-A0EAD460E2BE}"
EndProject
Project("{FAE04EC0-301F-11D3-BF4B-00C04F79EFBC}") = "Core.EventStore.EFCore.MySql", "Core.EventStore.EFCore.MySql\Core.EventStore.EFCore.MySql.csproj", "{6745B4C9-7B4C-4EC1-BED3-19608EFF690E}"
EndProject
Project("{2150E333-8FDC-42A3-9474-1A3956D46DE8}") = "integrated_efcore", "integrated_efcore", "{456ACFC4-F6BF-4471-9890-B59F25A31155}"
EndProject
Project("{FAE04EC0-301F-11D3-BF4B-00C04F79EFBC}") = "CommandService", "samples\integrated_efcore\CommandService\CommandService.csproj", "{E53F74FE-1C21-4255-AAE7-A845645C35D4}"
EndProject
Project("{FAE04EC0-301F-11D3-BF4B-00C04F79EFBC}") = "QueryService", "samples\integrated_efcore\QueryService\QueryService.csproj", "{C6C35F1B-F227-4CDF-BCB7-A364CA8DD419}"
EndProject
Project("{FAE04EC0-301F-11D3-BF4B-00C04F79EFBC}") = "Core.EventStore.EFCore.PostgreSQL", "Core.EventStore.EFCore.PostgreSQL\Core.EventStore.EFCore.PostgreSQL.csproj", "{D2936C29-9F20-4D14-870B-5D9EDFD34A6A}"
EndProject
Global
	GlobalSection(SolutionConfigurationPlatforms) = preSolution
		Debug|Any CPU = Debug|Any CPU
		Release|Any CPU = Release|Any CPU
	EndGlobalSection
	GlobalSection(ProjectConfigurationPlatforms) = postSolution
		{E8D3FFFD-7DBA-4855-B884-74EF6A83668F}.Debug|Any CPU.ActiveCfg = Debug|Any CPU
		{E8D3FFFD-7DBA-4855-B884-74EF6A83668F}.Debug|Any CPU.Build.0 = Debug|Any CPU
		{E8D3FFFD-7DBA-4855-B884-74EF6A83668F}.Release|Any CPU.ActiveCfg = Release|Any CPU
		{E8D3FFFD-7DBA-4855-B884-74EF6A83668F}.Release|Any CPU.Build.0 = Release|Any CPU
		{33EAC47A-2BBF-4CEC-B0C5-EE060EFE6D6A}.Debug|Any CPU.ActiveCfg = Debug|Any CPU
		{33EAC47A-2BBF-4CEC-B0C5-EE060EFE6D6A}.Debug|Any CPU.Build.0 = Debug|Any CPU
		{33EAC47A-2BBF-4CEC-B0C5-EE060EFE6D6A}.Release|Any CPU.ActiveCfg = Release|Any CPU
		{33EAC47A-2BBF-4CEC-B0C5-EE060EFE6D6A}.Release|Any CPU.Build.0 = Release|Any CPU
		{E5091D06-E866-4BE0-8520-3CC8FF858A51}.Debug|Any CPU.ActiveCfg = Debug|Any CPU
		{E5091D06-E866-4BE0-8520-3CC8FF858A51}.Debug|Any CPU.Build.0 = Debug|Any CPU
		{E5091D06-E866-4BE0-8520-3CC8FF858A51}.Release|Any CPU.ActiveCfg = Release|Any CPU
		{E5091D06-E866-4BE0-8520-3CC8FF858A51}.Release|Any CPU.Build.0 = Release|Any CPU
		{92439822-4976-45C1-8A30-545B2D253CD7}.Debug|Any CPU.ActiveCfg = Debug|Any CPU
		{92439822-4976-45C1-8A30-545B2D253CD7}.Debug|Any CPU.Build.0 = Debug|Any CPU
		{92439822-4976-45C1-8A30-545B2D253CD7}.Release|Any CPU.ActiveCfg = Release|Any CPU
		{92439822-4976-45C1-8A30-545B2D253CD7}.Release|Any CPU.Build.0 = Release|Any CPU
		{9D6C72DE-7DC1-4102-A348-A04C560A4B6E}.Debug|Any CPU.ActiveCfg = Debug|Any CPU
		{9D6C72DE-7DC1-4102-A348-A04C560A4B6E}.Debug|Any CPU.Build.0 = Debug|Any CPU
		{9D6C72DE-7DC1-4102-A348-A04C560A4B6E}.Release|Any CPU.ActiveCfg = Release|Any CPU
		{9D6C72DE-7DC1-4102-A348-A04C560A4B6E}.Release|Any CPU.Build.0 = Release|Any CPU
		{216525D4-00CE-4065-8A90-46A8828CBF3F}.Debug|Any CPU.ActiveCfg = Debug|Any CPU
		{216525D4-00CE-4065-8A90-46A8828CBF3F}.Debug|Any CPU.Build.0 = Debug|Any CPU
		{216525D4-00CE-4065-8A90-46A8828CBF3F}.Release|Any CPU.ActiveCfg = Release|Any CPU
		{216525D4-00CE-4065-8A90-46A8828CBF3F}.Release|Any CPU.Build.0 = Release|Any CPU
		{CC07887E-86A7-46C8-BE33-ACA42756AD6D}.Debug|Any CPU.ActiveCfg = Debug|Any CPU
		{CC07887E-86A7-46C8-BE33-ACA42756AD6D}.Debug|Any CPU.Build.0 = Debug|Any CPU
		{CC07887E-86A7-46C8-BE33-ACA42756AD6D}.Release|Any CPU.ActiveCfg = Release|Any CPU
		{CC07887E-86A7-46C8-BE33-ACA42756AD6D}.Release|Any CPU.Build.0 = Release|Any CPU
		{AC6832B2-C51F-4685-85CF-60AEA1EEA9E0}.Debug|Any CPU.ActiveCfg = Debug|Any CPU
		{AC6832B2-C51F-4685-85CF-60AEA1EEA9E0}.Debug|Any CPU.Build.0 = Debug|Any CPU
		{AC6832B2-C51F-4685-85CF-60AEA1EEA9E0}.Release|Any CPU.ActiveCfg = Release|Any CPU
		{AC6832B2-C51F-4685-85CF-60AEA1EEA9E0}.Release|Any CPU.Build.0 = Release|Any CPU
		{E1F75120-4C84-4772-B107-A0EAD460E2BE}.Debug|Any CPU.ActiveCfg = Debug|Any CPU
		{E1F75120-4C84-4772-B107-A0EAD460E2BE}.Debug|Any CPU.Build.0 = Debug|Any CPU
		{E1F75120-4C84-4772-B107-A0EAD460E2BE}.Release|Any CPU.ActiveCfg = Release|Any CPU
		{E1F75120-4C84-4772-B107-A0EAD460E2BE}.Release|Any CPU.Build.0 = Release|Any CPU
		{6745B4C9-7B4C-4EC1-BED3-19608EFF690E}.Debug|Any CPU.ActiveCfg = Debug|Any CPU
		{6745B4C9-7B4C-4EC1-BED3-19608EFF690E}.Debug|Any CPU.Build.0 = Debug|Any CPU
		{6745B4C9-7B4C-4EC1-BED3-19608EFF690E}.Release|Any CPU.ActiveCfg = Release|Any CPU
		{6745B4C9-7B4C-4EC1-BED3-19608EFF690E}.Release|Any CPU.Build.0 = Release|Any CPU
		{E53F74FE-1C21-4255-AAE7-A845645C35D4}.Debug|Any CPU.ActiveCfg = Debug|Any CPU
		{E53F74FE-1C21-4255-AAE7-A845645C35D4}.Debug|Any CPU.Build.0 = Debug|Any CPU
		{E53F74FE-1C21-4255-AAE7-A845645C35D4}.Release|Any CPU.ActiveCfg = Release|Any CPU
		{E53F74FE-1C21-4255-AAE7-A845645C35D4}.Release|Any CPU.Build.0 = Release|Any CPU
		{C6C35F1B-F227-4CDF-BCB7-A364CA8DD419}.Debug|Any CPU.ActiveCfg = Debug|Any CPU
		{C6C35F1B-F227-4CDF-BCB7-A364CA8DD419}.Debug|Any CPU.Build.0 = Debug|Any CPU
		{C6C35F1B-F227-4CDF-BCB7-A364CA8DD419}.Release|Any CPU.ActiveCfg = Release|Any CPU
		{C6C35F1B-F227-4CDF-BCB7-A364CA8DD419}.Release|Any CPU.Build.0 = Release|Any CPU
		{D2936C29-9F20-4D14-870B-5D9EDFD34A6A}.Debug|Any CPU.ActiveCfg = Debug|Any CPU
		{D2936C29-9F20-4D14-870B-5D9EDFD34A6A}.Debug|Any CPU.Build.0 = Debug|Any CPU
		{D2936C29-9F20-4D14-870B-5D9EDFD34A6A}.Release|Any CPU.ActiveCfg = Release|Any CPU
		{D2936C29-9F20-4D14-870B-5D9EDFD34A6A}.Release|Any CPU.Build.0 = Release|Any CPU
	EndGlobalSection
	GlobalSection(SolutionProperties) = preSolution
		HideSolutionNode = FALSE
	EndGlobalSection
	GlobalSection(NestedProjects) = preSolution
		{33EAC47A-2BBF-4CEC-B0C5-EE060EFE6D6A} = {C10F2E43-3E4B-43B5-B5CF-F7FC61867CA9}
		{F450AA6E-AC14-4AC4-A625-BE7B20C82A98} = {0E0BCA44-E371-4FAE-882A-519BAC7AAB47}
		{E5091D06-E866-4BE0-8520-3CC8FF858A51} = {F450AA6E-AC14-4AC4-A625-BE7B20C82A98}
		{92439822-4976-45C1-8A30-545B2D253CD7} = {F450AA6E-AC14-4AC4-A625-BE7B20C82A98}
		{9D6C72DE-7DC1-4102-A348-A04C560A4B6E} = {0E0BCA44-E371-4FAE-882A-519BAC7AAB47}
		{936B86FC-6869-445C-95A0-16AD0BB4BF35} = {0E0BCA44-E371-4FAE-882A-519BAC7AAB47}
		{216525D4-00CE-4065-8A90-46A8828CBF3F} = {936B86FC-6869-445C-95A0-16AD0BB4BF35}
		{CC07887E-86A7-46C8-BE33-ACA42756AD6D} = {936B86FC-6869-445C-95A0-16AD0BB4BF35}
		{456ACFC4-F6BF-4471-9890-B59F25A31155} = {0E0BCA44-E371-4FAE-882A-519BAC7AAB47}
		{E53F74FE-1C21-4255-AAE7-A845645C35D4} = {456ACFC4-F6BF-4471-9890-B59F25A31155}
		{C6C35F1B-F227-4CDF-BCB7-A364CA8DD419} = {456ACFC4-F6BF-4471-9890-B59F25A31155}
	EndGlobalSection
	GlobalSection(ExtensibilityGlobals) = postSolution
		SolutionGuid = {D4111EE0-9B47-40FA-998C-D3A0F0CE07B1}
	EndGlobalSection
EndGlobal
